// !$*UTF8*$!
{
	archiveVersion = 1;
	classes = {
	};
	objectVersion = 51;
	objects = {

/* Begin PBXBuildFile section */
		1AE6C3E28677F767165A4136 /* Pods_WorkloadApp.framework in Frameworks */ = {isa = PBXBuildFile; fileRef = 2D393B18D6117BF1B702F009 /* Pods_WorkloadApp.framework */; };
		E20C84E32528F76E005656E4 /* TasksTableViewController.swift in Sources */ = {isa = PBXBuildFile; fileRef = E20C84E22528F76E005656E4 /* TasksTableViewController.swift */; };
		E20C84E62528F85D005656E4 /* ItemsTableViewController.swift in Sources */ = {isa = PBXBuildFile; fileRef = E20C84E52528F85D005656E4 /* ItemsTableViewController.swift */; };
		E20C84F3252A41BD005656E4 /* Tasks.swift in Sources */ = {isa = PBXBuildFile; fileRef = E20C84F2252A41BD005656E4 /* Tasks.swift */; };
		E20C84F7252A427B005656E4 /* Items.swift in Sources */ = {isa = PBXBuildFile; fileRef = E20C84F6252A427B005656E4 /* Items.swift */; };
		E20C84FE252A477F005656E4 /* Category.swift in Sources */ = {isa = PBXBuildFile; fileRef = E20C84FD252A477F005656E4 /* Category.swift */; };
		E21432F0252BB1EC001C508B /* DynamicItems.storyboard in Resources */ = {isa = PBXBuildFile; fileRef = E21432EF252BB1EC001C508B /* DynamicItems.storyboard */; };
		E21432F3252BB2D4001C508B /* DynamicItemsController.swift in Sources */ = {isa = PBXBuildFile; fileRef = E21432F2252BB2D4001C508B /* DynamicItemsController.swift */; };
		E25E38982527DFF100113305 /* AppDelegate.swift in Sources */ = {isa = PBXBuildFile; fileRef = E25E38972527DFF100113305 /* AppDelegate.swift */; };
		E25E389A2527DFF100113305 /* SceneDelegate.swift in Sources */ = {isa = PBXBuildFile; fileRef = E25E38992527DFF100113305 /* SceneDelegate.swift */; };
		E25E389C2527DFF100113305 /* WorkloadViewController.swift in Sources */ = {isa = PBXBuildFile; fileRef = E25E389B2527DFF100113305 /* WorkloadViewController.swift */; };
		E25E389F2527DFF100113305 /* Main.storyboard in Resources */ = {isa = PBXBuildFile; fileRef = E25E389D2527DFF100113305 /* Main.storyboard */; };
		E25E38A12527DFF200113305 /* Assets.xcassets in Resources */ = {isa = PBXBuildFile; fileRef = E25E38A02527DFF200113305 /* Assets.xcassets */; };
		E25E38A42527DFF200113305 /* LaunchScreen.storyboard in Resources */ = {isa = PBXBuildFile; fileRef = E25E38A22527DFF200113305 /* LaunchScreen.storyboard */; };
		E2974CD82548C95200A3B962 /* Notifications.swift in Sources */ = {isa = PBXBuildFile; fileRef = E2974CD72548C95200A3B962 /* Notifications.swift */; };
		E2B75534253CC8510048451D /* Alert.swift in Sources */ = {isa = PBXBuildFile; fileRef = E2B75533253CC8510048451D /* Alert.swift */; };
		E2CDE802252E58990059EF60 /* DynamicTasks.storyboard in Resources */ = {isa = PBXBuildFile; fileRef = E2CDE801252E58990059EF60 /* DynamicTasks.storyboard */; };
		E2CDE805252E59010059EF60 /* DynamicTasksController.swift in Sources */ = {isa = PBXBuildFile; fileRef = E2CDE804252E59010059EF60 /* DynamicTasksController.swift */; };
/* End PBXBuildFile section */

/* Begin PBXFileReference section */
		1C07D986607B63C97290ADAD /* Pods-WorkloadApp.debug.xcconfig */ = {isa = PBXFileReference; includeInIndex = 1; lastKnownFileType = text.xcconfig; name = "Pods-WorkloadApp.debug.xcconfig"; path = "Target Support Files/Pods-WorkloadApp/Pods-WorkloadApp.debug.xcconfig"; sourceTree = "<group>"; };
		2D393B18D6117BF1B702F009 /* Pods_WorkloadApp.framework */ = {isa = PBXFileReference; explicitFileType = wrapper.framework; includeInIndex = 0; path = Pods_WorkloadApp.framework; sourceTree = BUILT_PRODUCTS_DIR; };
		D922A7C7580F0EEA9B8ADD60 /* Pods-WorkloadApp.release.xcconfig */ = {isa = PBXFileReference; includeInIndex = 1; lastKnownFileType = text.xcconfig; name = "Pods-WorkloadApp.release.xcconfig"; path = "Target Support Files/Pods-WorkloadApp/Pods-WorkloadApp.release.xcconfig"; sourceTree = "<group>"; };
		E20C84E22528F76E005656E4 /* TasksTableViewController.swift */ = {isa = PBXFileReference; lastKnownFileType = sourcecode.swift; path = TasksTableViewController.swift; sourceTree = "<group>"; };
		E20C84E52528F85D005656E4 /* ItemsTableViewController.swift */ = {isa = PBXFileReference; lastKnownFileType = sourcecode.swift; path = ItemsTableViewController.swift; sourceTree = "<group>"; };
		E20C84F2252A41BD005656E4 /* Tasks.swift */ = {isa = PBXFileReference; lastKnownFileType = sourcecode.swift; path = Tasks.swift; sourceTree = "<group>"; };
		E20C84F6252A427B005656E4 /* Items.swift */ = {isa = PBXFileReference; lastKnownFileType = sourcecode.swift; path = Items.swift; sourceTree = "<group>"; };
		E20C84FD252A477F005656E4 /* Category.swift */ = {isa = PBXFileReference; lastKnownFileType = sourcecode.swift; path = Category.swift; sourceTree = "<group>"; };
		E21432EF252BB1EC001C508B /* DynamicItems.storyboard */ = {isa = PBXFileReference; lastKnownFileType = file.storyboard; path = DynamicItems.storyboard; sourceTree = "<group>"; };
		E21432F2252BB2D4001C508B /* DynamicItemsController.swift */ = {isa = PBXFileReference; lastKnownFileType = sourcecode.swift; path = DynamicItemsController.swift; sourceTree = "<group>"; };
		E25E38942527DFF100113305 /* WorkloadApp.app */ = {isa = PBXFileReference; explicitFileType = wrapper.application; includeInIndex = 0; path = WorkloadApp.app; sourceTree = BUILT_PRODUCTS_DIR; };
		E25E38972527DFF100113305 /* AppDelegate.swift */ = {isa = PBXFileReference; lastKnownFileType = sourcecode.swift; path = AppDelegate.swift; sourceTree = "<group>"; };
		E25E38992527DFF100113305 /* SceneDelegate.swift */ = {isa = PBXFileReference; lastKnownFileType = sourcecode.swift; path = SceneDelegate.swift; sourceTree = "<group>"; };
		E25E389B2527DFF100113305 /* WorkloadViewController.swift */ = {isa = PBXFileReference; lastKnownFileType = sourcecode.swift; path = WorkloadViewController.swift; sourceTree = "<group>"; };
		E25E389E2527DFF100113305 /* Base */ = {isa = PBXFileReference; lastKnownFileType = file.storyboard; name = Base; path = Base.lproj/Main.storyboard; sourceTree = "<group>"; };
		E25E38A02527DFF200113305 /* Assets.xcassets */ = {isa = PBXFileReference; lastKnownFileType = folder.assetcatalog; path = Assets.xcassets; sourceTree = "<group>"; };
		E25E38A32527DFF200113305 /* Base */ = {isa = PBXFileReference; lastKnownFileType = file.storyboard; name = Base; path = Base.lproj/LaunchScreen.storyboard; sourceTree = "<group>"; };
		E25E38A52527DFF200113305 /* Info.plist */ = {isa = PBXFileReference; lastKnownFileType = text.plist.xml; path = Info.plist; sourceTree = "<group>"; };
		E2974CD72548C95200A3B962 /* Notifications.swift */ = {isa = PBXFileReference; lastKnownFileType = sourcecode.swift; path = Notifications.swift; sourceTree = "<group>"; };
		E2B75533253CC8510048451D /* Alert.swift */ = {isa = PBXFileReference; lastKnownFileType = sourcecode.swift; path = Alert.swift; sourceTree = "<group>"; };
		E2CDE801252E58990059EF60 /* DynamicTasks.storyboard */ = {isa = PBXFileReference; lastKnownFileType = file.storyboard; path = DynamicTasks.storyboard; sourceTree = "<group>"; };
		E2CDE804252E59010059EF60 /* DynamicTasksController.swift */ = {isa = PBXFileReference; lastKnownFileType = sourcecode.swift; path = DynamicTasksController.swift; sourceTree = "<group>"; };
/* End PBXFileReference section */

/* Begin PBXFrameworksBuildPhase section */
		E25E38912527DFF100113305 /* Frameworks */ = {
			isa = PBXFrameworksBuildPhase;
			buildActionMask = 2147483647;
			files = (
				1AE6C3E28677F767165A4136 /* Pods_WorkloadApp.framework in Frameworks */,
			);
			runOnlyForDeploymentPostprocessing = 0;
		};
/* End PBXFrameworksBuildPhase section */

/* Begin PBXGroup section */
		0E2BBF38118340BD3B8B5FCC /* Frameworks */ = {
			isa = PBXGroup;
			children = (
				2D393B18D6117BF1B702F009 /* Pods_WorkloadApp.framework */,
			);
			name = Frameworks;
			sourceTree = "<group>";
		};
		40DA795B6F108D1514F54A5E /* Pods */ = {
			isa = PBXGroup;
			children = (
				1C07D986607B63C97290ADAD /* Pods-WorkloadApp.debug.xcconfig */,
				D922A7C7580F0EEA9B8ADD60 /* Pods-WorkloadApp.release.xcconfig */,
			);
			path = Pods;
			sourceTree = "<group>";
		};
		E20C84DE2528F44B005656E4 /* View */ = {
			isa = PBXGroup;
			children = (
				E25E389D2527DFF100113305 /* Main.storyboard */,
				E21432EF252BB1EC001C508B /* DynamicItems.storyboard */,
				E2CDE801252E58990059EF60 /* DynamicTasks.storyboard */,
			);
			path = View;
			sourceTree = "<group>";
		};
		E20C84DF2528F465005656E4 /* Controller */ = {
			isa = PBXGroup;
			children = (
				E25E389B2527DFF100113305 /* WorkloadViewController.swift */,
				E2CDE804252E59010059EF60 /* DynamicTasksController.swift */,
				E20C84E22528F76E005656E4 /* TasksTableViewController.swift */,
				E21432F2252BB2D4001C508B /* DynamicItemsController.swift */,
				E20C84E52528F85D005656E4 /* ItemsTableViewController.swift */,
				E2974CD72548C95200A3B962 /* Notifications.swift */,
			);
			path = Controller;
			sourceTree = "<group>";
		};
		E20C84F5252A41C4005656E4 /* Model */ = {
			isa = PBXGroup;
			children = (
				E20C84F2252A41BD005656E4 /* Tasks.swift */,
				E20C84F6252A427B005656E4 /* Items.swift */,
				E20C84FD252A477F005656E4 /* Category.swift */,
				E2B75533253CC8510048451D /* Alert.swift */,
			);
			path = Model;
			sourceTree = "<group>";
		};
		E25E388B2527DFF100113305 = {
			isa = PBXGroup;
			children = (
				E25E38962527DFF100113305 /* WorkloadApp */,
				E25E38952527DFF100113305 /* Products */,
				40DA795B6F108D1514F54A5E /* Pods */,
				0E2BBF38118340BD3B8B5FCC /* Frameworks */,
			);
			sourceTree = "<group>";
		};
		E25E38952527DFF100113305 /* Products */ = {
			isa = PBXGroup;
			children = (
				E25E38942527DFF100113305 /* WorkloadApp.app */,
			);
			name = Products;
			sourceTree = "<group>";
		};
		E25E38962527DFF100113305 /* WorkloadApp */ = {
			isa = PBXGroup;
			children = (
				E25E38972527DFF100113305 /* AppDelegate.swift */,
				E25E38992527DFF100113305 /* SceneDelegate.swift */,
				E20C84F5252A41C4005656E4 /* Model */,
				E20C84DE2528F44B005656E4 /* View */,
				E20C84DF2528F465005656E4 /* Controller */,
				E25E38A02527DFF200113305 /* Assets.xcassets */,
				E25E38A22527DFF200113305 /* LaunchScreen.storyboard */,
				E25E38A52527DFF200113305 /* Info.plist */,
			);
			path = WorkloadApp;
			sourceTree = "<group>";
		};
/* End PBXGroup section */

/* Begin PBXNativeTarget section */
		E25E38932527DFF100113305 /* WorkloadApp */ = {
			isa = PBXNativeTarget;
			buildConfigurationList = E25E38A82527DFF200113305 /* Build configuration list for PBXNativeTarget "WorkloadApp" */;
			buildPhases = (
				65DF1C4B875F667C572C3D3B /* [CP] Check Pods Manifest.lock */,
				E25E38902527DFF100113305 /* Sources */,
				E25E38912527DFF100113305 /* Frameworks */,
				E25E38922527DFF100113305 /* Resources */,
				65375A9E2C47EBFAD192D2AE /* [CP] Embed Pods Frameworks */,
			);
			buildRules = (
			);
			dependencies = (
			);
			name = WorkloadApp;
			productName = WorkloadApp;
			productReference = E25E38942527DFF100113305 /* WorkloadApp.app */;
			productType = "com.apple.product-type.application";
		};
/* End PBXNativeTarget section */

/* Begin PBXProject section */
		E25E388C2527DFF100113305 /* Project object */ = {
			isa = PBXProject;
			attributes = {
				LastSwiftUpdateCheck = 1200;
				LastUpgradeCheck = 1200;
				TargetAttributes = {
					E25E38932527DFF100113305 = {
						CreatedOnToolsVersion = 12.0.1;
					};
				};
			};
			buildConfigurationList = E25E388F2527DFF100113305 /* Build configuration list for PBXProject "WorkloadApp" */;
			compatibilityVersion = "Xcode 9.3";
			developmentRegion = en;
			hasScannedForEncodings = 0;
			knownRegions = (
				en,
				Base,
			);
			mainGroup = E25E388B2527DFF100113305;
			productRefGroup = E25E38952527DFF100113305 /* Products */;
			projectDirPath = "";
			projectRoot = "";
			targets = (
				E25E38932527DFF100113305 /* WorkloadApp */,
			);
		};
/* End PBXProject section */

/* Begin PBXResourcesBuildPhase section */
		E25E38922527DFF100113305 /* Resources */ = {
			isa = PBXResourcesBuildPhase;
			buildActionMask = 2147483647;
			files = (
				E25E38A42527DFF200113305 /* LaunchScreen.storyboard in Resources */,
				E21432F0252BB1EC001C508B /* DynamicItems.storyboard in Resources */,
				E25E38A12527DFF200113305 /* Assets.xcassets in Resources */,
				E25E389F2527DFF100113305 /* Main.storyboard in Resources */,
				E2CDE802252E58990059EF60 /* DynamicTasks.storyboard in Resources */,
			);
			runOnlyForDeploymentPostprocessing = 0;
		};
/* End PBXResourcesBuildPhase section */

/* Begin PBXShellScriptBuildPhase section */
		65375A9E2C47EBFAD192D2AE /* [CP] Embed Pods Frameworks */ = {
			isa = PBXShellScriptBuildPhase;
			buildActionMask = 2147483647;
			files = (
			);
			inputFileListPaths = (
				"${PODS_ROOT}/Target Support Files/Pods-WorkloadApp/Pods-WorkloadApp-frameworks-${CONFIGURATION}-input-files.xcfilelist",
			);
			name = "[CP] Embed Pods Frameworks";
			outputFileListPaths = (
				"${PODS_ROOT}/Target Support Files/Pods-WorkloadApp/Pods-WorkloadApp-frameworks-${CONFIGURATION}-output-files.xcfilelist",
			);
			runOnlyForDeploymentPostprocessing = 0;
			shellPath = /bin/sh;
			shellScript = "\"${PODS_ROOT}/Target Support Files/Pods-WorkloadApp/Pods-WorkloadApp-frameworks.sh\"\n";
			showEnvVarsInLog = 0;
		};
		65DF1C4B875F667C572C3D3B /* [CP] Check Pods Manifest.lock */ = {
			isa = PBXShellScriptBuildPhase;
			buildActionMask = 2147483647;
			files = (
			);
			inputFileListPaths = (
			);
			inputPaths = (
				"${PODS_PODFILE_DIR_PATH}/Podfile.lock",
				"${PODS_ROOT}/Manifest.lock",
			);
			name = "[CP] Check Pods Manifest.lock";
			outputFileListPaths = (
			);
			outputPaths = (
				"$(DERIVED_FILE_DIR)/Pods-WorkloadApp-checkManifestLockResult.txt",
			);
			runOnlyForDeploymentPostprocessing = 0;
			shellPath = /bin/sh;
			shellScript = "diff \"${PODS_PODFILE_DIR_PATH}/Podfile.lock\" \"${PODS_ROOT}/Manifest.lock\" > /dev/null\nif [ $? != 0 ] ; then\n    # print error to STDERR\n    echo \"error: The sandbox is not in sync with the Podfile.lock. Run 'pod install' or update your CocoaPods installation.\" >&2\n    exit 1\nfi\n# This output is used by Xcode 'outputs' to avoid re-running this script phase.\necho \"SUCCESS\" > \"${SCRIPT_OUTPUT_FILE_0}\"\n";
			showEnvVarsInLog = 0;
		};
/* End PBXShellScriptBuildPhase section */

/* Begin PBXSourcesBuildPhase section */
		E25E38902527DFF100113305 /* Sources */ = {
			isa = PBXSourcesBuildPhase;
			buildActionMask = 2147483647;
			files = (
				E2974CD82548C95200A3B962 /* Notifications.swift in Sources */,
				E25E389C2527DFF100113305 /* WorkloadViewController.swift in Sources */,
				E25E38982527DFF100113305 /* AppDelegate.swift in Sources */,
				E20C84E62528F85D005656E4 /* ItemsTableViewController.swift in Sources */,
				E20C84E32528F76E005656E4 /* TasksTableViewController.swift in Sources */,
				E2CDE805252E59010059EF60 /* DynamicTasksController.swift in Sources */,
				E2B75534253CC8510048451D /* Alert.swift in Sources */,
				E20C84F7252A427B005656E4 /* Items.swift in Sources */,
				E21432F3252BB2D4001C508B /* DynamicItemsController.swift in Sources */,
				E20C84F3252A41BD005656E4 /* Tasks.swift in Sources */,
				E25E389A2527DFF100113305 /* SceneDelegate.swift in Sources */,
				E20C84FE252A477F005656E4 /* Category.swift in Sources */,
			);
			runOnlyForDeploymentPostprocessing = 0;
		};
/* End PBXSourcesBuildPhase section */

/* Begin PBXVariantGroup section */
		E25E389D2527DFF100113305 /* Main.storyboard */ = {
			isa = PBXVariantGroup;
			children = (
				E25E389E2527DFF100113305 /* Base */,
			);
			name = Main.storyboard;
			sourceTree = "<group>";
		};
		E25E38A22527DFF200113305 /* LaunchScreen.storyboard */ = {
			isa = PBXVariantGroup;
			children = (
				E25E38A32527DFF200113305 /* Base */,
			);
			name = LaunchScreen.storyboard;
			sourceTree = "<group>";
		};
/* End PBXVariantGroup section */

/* Begin XCBuildConfiguration section */
		E25E38A62527DFF200113305 /* Debug */ = {
			isa = XCBuildConfiguration;
			buildSettings = {
				ALWAYS_SEARCH_USER_PATHS = NO;
				CLANG_ANALYZER_NONNULL = YES;
				CLANG_ANALYZER_NUMBER_OBJECT_CONVERSION = YES_AGGRESSIVE;
				CLANG_CXX_LANGUAGE_STANDARD = "gnu++14";
				CLANG_CXX_LIBRARY = "libc++";
				CLANG_ENABLE_MODULES = YES;
				CLANG_ENABLE_OBJC_ARC = YES;
				CLANG_ENABLE_OBJC_WEAK = YES;
				CLANG_WARN_BLOCK_CAPTURE_AUTORELEASING = YES;
				CLANG_WARN_BOOL_CONVERSION = YES;
				CLANG_WARN_COMMA = YES;
				CLANG_WARN_CONSTANT_CONVERSION = YES;
				CLANG_WARN_DEPRECATED_OBJC_IMPLEMENTATIONS = YES;
				CLANG_WARN_DIRECT_OBJC_ISA_USAGE = YES_ERROR;
				CLANG_WARN_DOCUMENTATION_COMMENTS = YES;
				CLANG_WARN_EMPTY_BODY = YES;
				CLANG_WARN_ENUM_CONVERSION = YES;
				CLANG_WARN_INFINITE_RECURSION = YES;
				CLANG_WARN_INT_CONVERSION = YES;
				CLANG_WARN_NON_LITERAL_NULL_CONVERSION = YES;
				CLANG_WARN_OBJC_IMPLICIT_RETAIN_SELF = YES;
				CLANG_WARN_OBJC_LITERAL_CONVERSION = YES;
				CLANG_WARN_OBJC_ROOT_CLASS = YES_ERROR;
				CLANG_WARN_QUOTED_INCLUDE_IN_FRAMEWORK_HEADER = YES;
				CLANG_WARN_RANGE_LOOP_ANALYSIS = YES;
				CLANG_WARN_STRICT_PROTOTYPES = YES;
				CLANG_WARN_SUSPICIOUS_MOVE = YES;
				CLANG_WARN_UNGUARDED_AVAILABILITY = YES_AGGRESSIVE;
				CLANG_WARN_UNREACHABLE_CODE = YES;
				CLANG_WARN__DUPLICATE_METHOD_MATCH = YES;
				COPY_PHASE_STRIP = NO;
				DEBUG_INFORMATION_FORMAT = dwarf;
				ENABLE_STRICT_OBJC_MSGSEND = YES;
				ENABLE_TESTABILITY = YES;
				GCC_C_LANGUAGE_STANDARD = gnu11;
				GCC_DYNAMIC_NO_PIC = NO;
				GCC_NO_COMMON_BLOCKS = YES;
				GCC_OPTIMIZATION_LEVEL = 0;
				GCC_PREPROCESSOR_DEFINITIONS = (
					"DEBUG=1",
					"$(inherited)",
				);
				GCC_WARN_64_TO_32_BIT_CONVERSION = YES;
				GCC_WARN_ABOUT_RETURN_TYPE = YES_ERROR;
				GCC_WARN_UNDECLARED_SELECTOR = YES;
				GCC_WARN_UNINITIALIZED_AUTOS = YES_AGGRESSIVE;
				GCC_WARN_UNUSED_FUNCTION = YES;
				GCC_WARN_UNUSED_VARIABLE = YES;
				IPHONEOS_DEPLOYMENT_TARGET = 14.0;
				MTL_ENABLE_DEBUG_INFO = INCLUDE_SOURCE;
				MTL_FAST_MATH = YES;
				ONLY_ACTIVE_ARCH = YES;
				SDKROOT = iphoneos;
				SWIFT_ACTIVE_COMPILATION_CONDITIONS = DEBUG;
				SWIFT_OPTIMIZATION_LEVEL = "-Onone";
			};
			name = Debug;
		};
		E25E38A72527DFF200113305 /* Release */ = {
			isa = XCBuildConfiguration;
			buildSettings = {
				ALWAYS_SEARCH_USER_PATHS = NO;
				CLANG_ANALYZER_NONNULL = YES;
				CLANG_ANALYZER_NUMBER_OBJECT_CONVERSION = YES_AGGRESSIVE;
				CLANG_CXX_LANGUAGE_STANDARD = "gnu++14";
				CLANG_CXX_LIBRARY = "libc++";
				CLANG_ENABLE_MODULES = YES;
				CLANG_ENABLE_OBJC_ARC = YES;
				CLANG_ENABLE_OBJC_WEAK = YES;
				CLANG_WARN_BLOCK_CAPTURE_AUTORELEASING = YES;
				CLANG_WARN_BOOL_CONVERSION = YES;
				CLANG_WARN_COMMA = YES;
				CLANG_WARN_CONSTANT_CONVERSION = YES;
				CLANG_WARN_DEPRECATED_OBJC_IMPLEMENTATIONS = YES;
				CLANG_WARN_DIRECT_OBJC_ISA_USAGE = YES_ERROR;
				CLANG_WARN_DOCUMENTATION_COMMENTS = YES;
				CLANG_WARN_EMPTY_BODY = YES;
				CLANG_WARN_ENUM_CONVERSION = YES;
				CLANG_WARN_INFINITE_RECURSION = YES;
				CLANG_WARN_INT_CONVERSION = YES;
				CLANG_WARN_NON_LITERAL_NULL_CONVERSION = YES;
				CLANG_WARN_OBJC_IMPLICIT_RETAIN_SELF = YES;
				CLANG_WARN_OBJC_LITERAL_CONVERSION = YES;
				CLANG_WARN_OBJC_ROOT_CLASS = YES_ERROR;
				CLANG_WARN_QUOTED_INCLUDE_IN_FRAMEWORK_HEADER = YES;
				CLANG_WARN_RANGE_LOOP_ANALYSIS = YES;
				CLANG_WARN_STRICT_PROTOTYPES = YES;
				CLANG_WARN_SUSPICIOUS_MOVE = YES;
				CLANG_WARN_UNGUARDED_AVAILABILITY = YES_AGGRESSIVE;
				CLANG_WARN_UNREACHABLE_CODE = YES;
				CLANG_WARN__DUPLICATE_METHOD_MATCH = YES;
				COPY_PHASE_STRIP = NO;
				DEBUG_INFORMATION_FORMAT = "dwarf-with-dsym";
				ENABLE_NS_ASSERTIONS = NO;
				ENABLE_STRICT_OBJC_MSGSEND = YES;
				GCC_C_LANGUAGE_STANDARD = gnu11;
				GCC_NO_COMMON_BLOCKS = YES;
				GCC_WARN_64_TO_32_BIT_CONVERSION = YES;
				GCC_WARN_ABOUT_RETURN_TYPE = YES_ERROR;
				GCC_WARN_UNDECLARED_SELECTOR = YES;
				GCC_WARN_UNINITIALIZED_AUTOS = YES_AGGRESSIVE;
				GCC_WARN_UNUSED_FUNCTION = YES;
				GCC_WARN_UNUSED_VARIABLE = YES;
				IPHONEOS_DEPLOYMENT_TARGET = 14.0;
				MTL_ENABLE_DEBUG_INFO = NO;
				MTL_FAST_MATH = YES;
				SDKROOT = iphoneos;
				SWIFT_COMPILATION_MODE = wholemodule;
				SWIFT_OPTIMIZATION_LEVEL = "-O";
				VALIDATE_PRODUCT = YES;
			};
			name = Release;
		};
		E25E38A92527DFF200113305 /* Debug */ = {
			isa = XCBuildConfiguration;
			baseConfigurationReference = 1C07D986607B63C97290ADAD /* Pods-WorkloadApp.debug.xcconfig */;
			buildSettings = {
				ASSETCATALOG_COMPILER_APPICON_NAME = AppIcon;
				ASSETCATALOG_COMPILER_GLOBAL_ACCENT_COLOR_NAME = AccentColor;
				CODE_SIGN_STYLE = Automatic;
				DEVELOPMENT_TEAM = 6ZRRT3842M;
				INFOPLIST_FILE = WorkloadApp/Info.plist;
				LD_RUNPATH_SEARCH_PATHS = (
					"$(inherited)",
					"@executable_path/Frameworks",
				);
				PRODUCT_BUNDLE_IDENTIFIER = com.GiedreMajauskaite.WorkloadApp;
				PRODUCT_NAME = "$(TARGET_NAME)";
				SWIFT_VERSION = 5.0;
				TARGETED_DEVICE_FAMILY = "1,2";
			};
			name = Debug;
		};
		E25E38AA2527DFF200113305 /* Release */ = {
			isa = XCBuildConfiguration;
			baseConfigurationReference = D922A7C7580F0EEA9B8ADD60 /* Pods-WorkloadApp.release.xcconfig */;
			buildSettings = {
				ASSETCATALOG_COMPILER_APPICON_NAME = AppIcon;
				ASSETCATALOG_COMPILER_GLOBAL_ACCENT_COLOR_NAME = AccentColor;
				CODE_SIGN_STYLE = Automatic;
				DEVELOPMENT_TEAM = 6ZRRT3842M;
				INFOPLIST_FILE = WorkloadApp/Info.plist;
				LD_RUNPATH_SEARCH_PATHS = (
					"$(inherited)",
					"@executable_path/Frameworks",
				);
				PRODUCT_BUNDLE_IDENTIFIER = com.GiedreMajauskaite.WorkloadApp;
				PRODUCT_NAME = "$(TARGET_NAME)";
				SWIFT_VERSION = 5.0;
				TARGETED_DEVICE_FAMILY = "1,2";
			};
			name = Release;
		};
/* End XCBuildConfiguration section */

/* Begin XCConfigurationList section */
		E25E388F2527DFF100113305 /* Build configuration list for PBXProject "WorkloadApp" */ = {
			isa = XCConfigurationList;
			buildConfigurations = (
				E25E38A62527DFF200113305 /* Debug */,
				E25E38A72527DFF200113305 /* Release */,
			);
			defaultConfigurationIsVisible = 0;
			defaultConfigurationName = Release;
		};
		E25E38A82527DFF200113305 /* Build configuration list for PBXNativeTarget "WorkloadApp" */ = {
			isa = XCConfigurationList;
			buildConfigurations = (
				E25E38A92527DFF200113305 /* Debug */,
				E25E38AA2527DFF200113305 /* Release */,
			);
			defaultConfigurationIsVisible = 0;
			defaultConfigurationName = Release;
		};
/* End XCConfigurationList section */
	};
	rootObject = E25E388C2527DFF100113305 /* Project object */;
}
